
Microsoft Visual Studio Solution File, Format Version 12.00
# Visual Studio 15
VisualStudioVersion = 15.0.27703.2000
MinimumVisualStudioVersion = 10.0.40219.1
Project("{FAE04EC0-301F-11D3-BF4B-00C04F79EFBC}") = "LNCWebApp", "LNCWebApp\LNCWebApp.csproj", "{61DEC892-0F0E-40A7-AE8C-158B1292AB1B}"
EndProject
Project("{FAE04EC0-301F-11D3-BF4B-00C04F79EFBC}") = "LNCLibrary", "LNCLibrary\LNCLibrary.csproj", "{01C9845D-418C-4CCD-B73E-BE3C2F717793}"
EndProject
Global
	GlobalSection(SolutionConfigurationPlatforms) = preSolution
		Debug|Any CPU = Debug|Any CPU
		Release|Any CPU = Release|Any CPU
	EndGlobalSection
	GlobalSection(ProjectConfigurationPlatforms) = postSolution
		{61DEC892-0F0E-40A7-AE8C-158B1292AB1B}.Debug|Any CPU.ActiveCfg = Debug|Any CPU
		{61DEC892-0F0E-40A7-AE8C-158B1292AB1B}.Debug|Any CPU.Build.0 = Debug|Any CPU
		{61DEC892-0F0E-40A7-AE8C-158B1292AB1B}.Release|Any CPU.ActiveCfg = Release|Any CPU
		{61DEC892-0F0E-40A7-AE8C-158B1292AB1B}.Release|Any CPU.Build.0 = Release|Any CPU
		{01C9845D-418C-4CCD-B73E-BE3C2F717793}.Debug|Any CPU.ActiveCfg = Debug|Any CPU
		{01C9845D-418C-4CCD-B73E-BE3C2F717793}.Debug|Any CPU.Build.0 = Debug|Any CPU
		{01C9845D-418C-4CCD-B73E-BE3C2F717793}.Release|Any CPU.ActiveCfg = Release|Any CPU
		{01C9845D-418C-4CCD-B73E-BE3C2F717793}.Release|Any CPU.Build.0 = Release|Any CPU
	EndGlobalSection
	GlobalSection(SolutionProperties) = preSolution
		HideSolutionNode = FALSE
	EndGlobalSection
	GlobalSection(ExtensibilityGlobals) = postSolution
		SolutionGuid = {44D0F26B-9FF8-4142-8C89-0CE1C704123B}
	EndGlobalSection
EndGlobal
