
Microsoft Visual Studio Solution File, Format Version 12.00
# Visual Studio Version 17
VisualStudioVersion = 17.3.32825.248
MinimumVisualStudioVersion = 10.0.40219.1
Project("{9A19103F-16F7-4668-BE54-9A1E7A4F7556}") = "LNCWebApp", "LNCWebApp\LNCWebApp.csproj", "{61DEC892-0F0E-40A7-AE8C-158B1292AB1B}"
EndProject
Project("{9A19103F-16F7-4668-BE54-9A1E7A4F7556}") = "LNCLibrary2", "LNCLibrary2\LNCLibrary2.csproj", "{01C9845D-418C-4CCD-B73E-BE3C2F717793}"
EndProject
Project("{9A19103F-16F7-4668-BE54-9A1E7A4F7556}") = "LNCDemo", "LNCDemo\LNCDemo.csproj", "{C4A3B8E0-63E9-4A5B-90A7-D6E06E6E2DD3}"
EndProject
Project("{9A19103F-16F7-4668-BE54-9A1E7A4F7556}") = "LNCLibrary", "LNCLibrary\LNCLibrary.csproj", "{705A4571-D8FA-4614-BFBE-C75286BFCA6C}"
EndProject
Global
	GlobalSection(SolutionConfigurationPlatforms) = preSolution
		Debug|Any CPU = Debug|Any CPU
		Release|Any CPU = Release|Any CPU
	EndGlobalSection
	GlobalSection(ProjectConfigurationPlatforms) = postSolution
		{61DEC892-0F0E-40A7-AE8C-158B1292AB1B}.Debug|Any CPU.ActiveCfg = Debug|Any CPU
		{61DEC892-0F0E-40A7-AE8C-158B1292AB1B}.Release|Any CPU.ActiveCfg = Release|Any CPU
		{61DEC892-0F0E-40A7-AE8C-158B1292AB1B}.Release|Any CPU.Build.0 = Release|Any CPU
		{01C9845D-418C-4CCD-B73E-BE3C2F717793}.Debug|Any CPU.ActiveCfg = Debug|Any CPU
		{01C9845D-418C-4CCD-B73E-BE3C2F717793}.Release|Any CPU.ActiveCfg = Release|Any CPU
		{01C9845D-418C-4CCD-B73E-BE3C2F717793}.Release|Any CPU.Build.0 = Release|Any CPU
		{C4A3B8E0-63E9-4A5B-90A7-D6E06E6E2DD3}.Debug|Any CPU.ActiveCfg = Debug|Any CPU
		{C4A3B8E0-63E9-4A5B-90A7-D6E06E6E2DD3}.Debug|Any CPU.Build.0 = Debug|Any CPU
		{C4A3B8E0-63E9-4A5B-90A7-D6E06E6E2DD3}.Release|Any CPU.ActiveCfg = Release|Any CPU
		{C4A3B8E0-63E9-4A5B-90A7-D6E06E6E2DD3}.Release|Any CPU.Build.0 = Release|Any CPU
		{705A4571-D8FA-4614-BFBE-C75286BFCA6C}.Debug|Any CPU.ActiveCfg = Debug|Any CPU
		{705A4571-D8FA-4614-BFBE-C75286BFCA6C}.Debug|Any CPU.Build.0 = Debug|Any CPU
		{705A4571-D8FA-4614-BFBE-C75286BFCA6C}.Release|Any CPU.ActiveCfg = Release|Any CPU
		{705A4571-D8FA-4614-BFBE-C75286BFCA6C}.Release|Any CPU.Build.0 = Release|Any CPU
	EndGlobalSection
	GlobalSection(SolutionProperties) = preSolution
		HideSolutionNode = FALSE
	EndGlobalSection
	GlobalSection(ExtensibilityGlobals) = postSolution
		SolutionGuid = {44D0F26B-9FF8-4142-8C89-0CE1C704123B}
	EndGlobalSection
EndGlobal
